// !$*UTF8*$!
{
	archiveVersion = 1;
	classes = {
	};
	objectVersion = 55;
	objects = {

/* Begin PBXBuildFile section */
		887E9F7629226BC60013D70B /* AppDelegate.swift in Sources */ = {isa = PBXBuildFile; fileRef = 887E9F7529226BC60013D70B /* AppDelegate.swift */; };
		887E9F7829226BC60013D70B /* SceneDelegate.swift in Sources */ = {isa = PBXBuildFile; fileRef = 887E9F7729226BC60013D70B /* SceneDelegate.swift */; };
		887E9F7A29226BC60013D70B /* ViewController.swift in Sources */ = {isa = PBXBuildFile; fileRef = 887E9F7929226BC60013D70B /* ViewController.swift */; };
		887E9F7D29226BC60013D70B /* Main.storyboard in Resources */ = {isa = PBXBuildFile; fileRef = 887E9F7B29226BC60013D70B /* Main.storyboard */; };
		887E9F8029226BC60013D70B /* ReposExplorer.xcdatamodeld in Sources */ = {isa = PBXBuildFile; fileRef = 887E9F7E29226BC60013D70B /* ReposExplorer.xcdatamodeld */; };
		887E9F8229226BC70013D70B /* Assets.xcassets in Resources */ = {isa = PBXBuildFile; fileRef = 887E9F8129226BC70013D70B /* Assets.xcassets */; };
		887E9F8529226BC70013D70B /* LaunchScreen.storyboard in Resources */ = {isa = PBXBuildFile; fileRef = 887E9F8329226BC70013D70B /* LaunchScreen.storyboard */; };
		887E9F9029226BC70013D70B /* ReposExplorerTests.swift in Sources */ = {isa = PBXBuildFile; fileRef = 887E9F8F29226BC70013D70B /* ReposExplorerTests.swift */; };
		887E9F9A29226BC70013D70B /* ReposExplorerUITests.swift in Sources */ = {isa = PBXBuildFile; fileRef = 887E9F9929226BC70013D70B /* ReposExplorerUITests.swift */; };
		887E9F9C29226BC70013D70B /* ReposExplorerUITestsLaunchTests.swift in Sources */ = {isa = PBXBuildFile; fileRef = 887E9F9B29226BC70013D70B /* ReposExplorerUITestsLaunchTests.swift */; };
/* End PBXBuildFile section */

/* Begin PBXContainerItemProxy section */
		887E9F8C29226BC70013D70B /* PBXContainerItemProxy */ = {
			isa = PBXContainerItemProxy;
			containerPortal = 887E9F6A29226BC60013D70B /* Project object */;
			proxyType = 1;
			remoteGlobalIDString = 887E9F7129226BC60013D70B;
			remoteInfo = ReposExplorer;
		};
		887E9F9629226BC70013D70B /* PBXContainerItemProxy */ = {
			isa = PBXContainerItemProxy;
			containerPortal = 887E9F6A29226BC60013D70B /* Project object */;
			proxyType = 1;
			remoteGlobalIDString = 887E9F7129226BC60013D70B;
			remoteInfo = ReposExplorer;
		};
/* End PBXContainerItemProxy section */

/* Begin PBXFileReference section */
		887E9F7229226BC60013D70B /* ReposExplorer.app */ = {isa = PBXFileReference; explicitFileType = wrapper.application; includeInIndex = 0; path = ReposExplorer.app; sourceTree = BUILT_PRODUCTS_DIR; };
		887E9F7529226BC60013D70B /* AppDelegate.swift */ = {isa = PBXFileReference; lastKnownFileType = sourcecode.swift; path = AppDelegate.swift; sourceTree = "<group>"; };
		887E9F7729226BC60013D70B /* SceneDelegate.swift */ = {isa = PBXFileReference; lastKnownFileType = sourcecode.swift; path = SceneDelegate.swift; sourceTree = "<group>"; };
		887E9F7929226BC60013D70B /* ViewController.swift */ = {isa = PBXFileReference; lastKnownFileType = sourcecode.swift; path = ViewController.swift; sourceTree = "<group>"; };
		887E9F7C29226BC60013D70B /* Base */ = {isa = PBXFileReference; lastKnownFileType = file.storyboard; name = Base; path = Base.lproj/Main.storyboard; sourceTree = "<group>"; };
		887E9F7F29226BC60013D70B /* ReposExplorer.xcdatamodel */ = {isa = PBXFileReference; lastKnownFileType = wrapper.xcdatamodel; path = ReposExplorer.xcdatamodel; sourceTree = "<group>"; };
		887E9F8129226BC70013D70B /* Assets.xcassets */ = {isa = PBXFileReference; lastKnownFileType = folder.assetcatalog; path = Assets.xcassets; sourceTree = "<group>"; };
		887E9F8429226BC70013D70B /* Base */ = {isa = PBXFileReference; lastKnownFileType = file.storyboard; name = Base; path = Base.lproj/LaunchScreen.storyboard; sourceTree = "<group>"; };
		887E9F8629226BC70013D70B /* Info.plist */ = {isa = PBXFileReference; lastKnownFileType = text.plist.xml; path = Info.plist; sourceTree = "<group>"; };
		887E9F8B29226BC70013D70B /* ReposExplorerTests.xctest */ = {isa = PBXFileReference; explicitFileType = wrapper.cfbundle; includeInIndex = 0; path = ReposExplorerTests.xctest; sourceTree = BUILT_PRODUCTS_DIR; };
		887E9F8F29226BC70013D70B /* ReposExplorerTests.swift */ = {isa = PBXFileReference; lastKnownFileType = sourcecode.swift; path = ReposExplorerTests.swift; sourceTree = "<group>"; };
		887E9F9529226BC70013D70B /* ReposExplorerUITests.xctest */ = {isa = PBXFileReference; explicitFileType = wrapper.cfbundle; includeInIndex = 0; path = ReposExplorerUITests.xctest; sourceTree = BUILT_PRODUCTS_DIR; };
		887E9F9929226BC70013D70B /* ReposExplorerUITests.swift */ = {isa = PBXFileReference; lastKnownFileType = sourcecode.swift; path = ReposExplorerUITests.swift; sourceTree = "<group>"; };
		887E9F9B29226BC70013D70B /* ReposExplorerUITestsLaunchTests.swift */ = {isa = PBXFileReference; lastKnownFileType = sourcecode.swift; path = ReposExplorerUITestsLaunchTests.swift; sourceTree = "<group>"; };
/* End PBXFileReference section */

/* Begin PBXFrameworksBuildPhase section */
		887E9F6F29226BC60013D70B /* Frameworks */ = {
			isa = PBXFrameworksBuildPhase;
			buildActionMask = 2147483647;
			files = (
			);
			runOnlyForDeploymentPostprocessing = 0;
		};
		887E9F8829226BC70013D70B /* Frameworks */ = {
			isa = PBXFrameworksBuildPhase;
			buildActionMask = 2147483647;
			files = (
			);
			runOnlyForDeploymentPostprocessing = 0;
		};
		887E9F9229226BC70013D70B /* Frameworks */ = {
			isa = PBXFrameworksBuildPhase;
			buildActionMask = 2147483647;
			files = (
			);
			runOnlyForDeploymentPostprocessing = 0;
		};
/* End PBXFrameworksBuildPhase section */

/* Begin PBXGroup section */
		887E9F6929226BC60013D70B = {
			isa = PBXGroup;
			children = (
				887E9F7429226BC60013D70B /* ReposExplorer */,
				887E9F8E29226BC70013D70B /* ReposExplorerTests */,
				887E9F9829226BC70013D70B /* ReposExplorerUITests */,
				887E9F7329226BC60013D70B /* Products */,
			);
			sourceTree = "<group>";
		};
		887E9F7329226BC60013D70B /* Products */ = {
			isa = PBXGroup;
			children = (
				887E9F7229226BC60013D70B /* ReposExplorer.app */,
				887E9F8B29226BC70013D70B /* ReposExplorerTests.xctest */,
				887E9F9529226BC70013D70B /* ReposExplorerUITests.xctest */,
			);
			name = Products;
			sourceTree = "<group>";
		};
		887E9F7429226BC60013D70B /* ReposExplorer */ = {
			isa = PBXGroup;
			children = (
				887E9F7529226BC60013D70B /* AppDelegate.swift */,
				887E9F7729226BC60013D70B /* SceneDelegate.swift */,
				887E9F7929226BC60013D70B /* ViewController.swift */,
				887E9F7B29226BC60013D70B /* Main.storyboard */,
				887E9F8129226BC70013D70B /* Assets.xcassets */,
				887E9F8329226BC70013D70B /* LaunchScreen.storyboard */,
				887E9F8629226BC70013D70B /* Info.plist */,
				887E9F7E29226BC60013D70B /* ReposExplorer.xcdatamodeld */,
			);
			path = ReposExplorer;
			sourceTree = "<group>";
		};
		887E9F8E29226BC70013D70B /* ReposExplorerTests */ = {
			isa = PBXGroup;
			children = (
				887E9F8F29226BC70013D70B /* ReposExplorerTests.swift */,
			);
			path = ReposExplorerTests;
			sourceTree = "<group>";
		};
		887E9F9829226BC70013D70B /* ReposExplorerUITests */ = {
			isa = PBXGroup;
			children = (
				887E9F9929226BC70013D70B /* ReposExplorerUITests.swift */,
				887E9F9B29226BC70013D70B /* ReposExplorerUITestsLaunchTests.swift */,
			);
			path = ReposExplorerUITests;
			sourceTree = "<group>";
		};
/* End PBXGroup section */

/* Begin PBXNativeTarget section */
		887E9F7129226BC60013D70B /* ReposExplorer */ = {
			isa = PBXNativeTarget;
			buildConfigurationList = 887E9F9F29226BC70013D70B /* Build configuration list for PBXNativeTarget "ReposExplorer" */;
			buildPhases = (
				887E9F6E29226BC60013D70B /* Sources */,
				887E9F6F29226BC60013D70B /* Frameworks */,
				887E9F7029226BC60013D70B /* Resources */,
			);
			buildRules = (
			);
			dependencies = (
			);
			name = ReposExplorer;
			productName = ReposExplorer;
			productReference = 887E9F7229226BC60013D70B /* ReposExplorer.app */;
			productType = "com.apple.product-type.application";
		};
		887E9F8A29226BC70013D70B /* ReposExplorerTests */ = {
			isa = PBXNativeTarget;
			buildConfigurationList = 887E9FA229226BC70013D70B /* Build configuration list for PBXNativeTarget "ReposExplorerTests" */;
			buildPhases = (
				887E9F8729226BC70013D70B /* Sources */,
				887E9F8829226BC70013D70B /* Frameworks */,
				887E9F8929226BC70013D70B /* Resources */,
			);
			buildRules = (
			);
			dependencies = (
				887E9F8D29226BC70013D70B /* PBXTargetDependency */,
			);
			name = ReposExplorerTests;
			productName = ReposExplorerTests;
			productReference = 887E9F8B29226BC70013D70B /* ReposExplorerTests.xctest */;
			productType = "com.apple.product-type.bundle.unit-test";
		};
		887E9F9429226BC70013D70B /* ReposExplorerUITests */ = {
			isa = PBXNativeTarget;
			buildConfigurationList = 887E9FA529226BC70013D70B /* Build configuration list for PBXNativeTarget "ReposExplorerUITests" */;
			buildPhases = (
				887E9F9129226BC70013D70B /* Sources */,
				887E9F9229226BC70013D70B /* Frameworks */,
				887E9F9329226BC70013D70B /* Resources */,
			);
			buildRules = (
			);
			dependencies = (
				887E9F9729226BC70013D70B /* PBXTargetDependency */,
			);
			name = ReposExplorerUITests;
			productName = ReposExplorerUITests;
			productReference = 887E9F9529226BC70013D70B /* ReposExplorerUITests.xctest */;
			productType = "com.apple.product-type.bundle.ui-testing";
		};
/* End PBXNativeTarget section */

/* Begin PBXProject section */
		887E9F6A29226BC60013D70B /* Project object */ = {
			isa = PBXProject;
			attributes = {
				BuildIndependentTargetsInParallel = 1;
				LastSwiftUpdateCheck = 1320;
				LastUpgradeCheck = 1320;
				TargetAttributes = {
					887E9F7129226BC60013D70B = {
						CreatedOnToolsVersion = 13.2.1;
					};
					887E9F8A29226BC70013D70B = {
						CreatedOnToolsVersion = 13.2.1;
						TestTargetID = 887E9F7129226BC60013D70B;
					};
					887E9F9429226BC70013D70B = {
						CreatedOnToolsVersion = 13.2.1;
						TestTargetID = 887E9F7129226BC60013D70B;
					};
				};
			};
			buildConfigurationList = 887E9F6D29226BC60013D70B /* Build configuration list for PBXProject "ReposExplorer" */;
			compatibilityVersion = "Xcode 13.0";
			developmentRegion = en;
			hasScannedForEncodings = 0;
			knownRegions = (
				en,
				Base,
			);
			mainGroup = 887E9F6929226BC60013D70B;
			productRefGroup = 887E9F7329226BC60013D70B /* Products */;
			projectDirPath = "";
			projectRoot = "";
			targets = (
				887E9F7129226BC60013D70B /* ReposExplorer */,
				887E9F8A29226BC70013D70B /* ReposExplorerTests */,
				887E9F9429226BC70013D70B /* ReposExplorerUITests */,
			);
		};
/* End PBXProject section */

/* Begin PBXResourcesBuildPhase section */
		887E9F7029226BC60013D70B /* Resources */ = {
			isa = PBXResourcesBuildPhase;
			buildActionMask = 2147483647;
			files = (
				887E9F8529226BC70013D70B /* LaunchScreen.storyboard in Resources */,
				887E9F8229226BC70013D70B /* Assets.xcassets in Resources */,
				887E9F7D29226BC60013D70B /* Main.storyboard in Resources */,
			);
			runOnlyForDeploymentPostprocessing = 0;
		};
		887E9F8929226BC70013D70B /* Resources */ = {
			isa = PBXResourcesBuildPhase;
			buildActionMask = 2147483647;
			files = (
			);
			runOnlyForDeploymentPostprocessing = 0;
		};
		887E9F9329226BC70013D70B /* Resources */ = {
			isa = PBXResourcesBuildPhase;
			buildActionMask = 2147483647;
			files = (
			);
			runOnlyForDeploymentPostprocessing = 0;
		};
/* End PBXResourcesBuildPhase section */

/* Begin PBXSourcesBuildPhase section */
		887E9F6E29226BC60013D70B /* Sources */ = {
			isa = PBXSourcesBuildPhase;
			buildActionMask = 2147483647;
			files = (
				887E9F8029226BC60013D70B /* ReposExplorer.xcdatamodeld in Sources */,
				887E9F7A29226BC60013D70B /* ViewController.swift in Sources */,
				887E9F7629226BC60013D70B /* AppDelegate.swift in Sources */,
				887E9F7829226BC60013D70B /* SceneDelegate.swift in Sources */,
			);
			runOnlyForDeploymentPostprocessing = 0;
		};
		887E9F8729226BC70013D70B /* Sources */ = {
			isa = PBXSourcesBuildPhase;
			buildActionMask = 2147483647;
			files = (
				887E9F9029226BC70013D70B /* ReposExplorerTests.swift in Sources */,
			);
			runOnlyForDeploymentPostprocessing = 0;
		};
		887E9F9129226BC70013D70B /* Sources */ = {
			isa = PBXSourcesBuildPhase;
			buildActionMask = 2147483647;
			files = (
				887E9F9A29226BC70013D70B /* ReposExplorerUITests.swift in Sources */,
				887E9F9C29226BC70013D70B /* ReposExplorerUITestsLaunchTests.swift in Sources */,
			);
			runOnlyForDeploymentPostprocessing = 0;
		};
/* End PBXSourcesBuildPhase section */

/* Begin PBXTargetDependency section */
		887E9F8D29226BC70013D70B /* PBXTargetDependency */ = {
			isa = PBXTargetDependency;
			target = 887E9F7129226BC60013D70B /* ReposExplorer */;
			targetProxy = 887E9F8C29226BC70013D70B /* PBXContainerItemProxy */;
		};
		887E9F9729226BC70013D70B /* PBXTargetDependency */ = {
			isa = PBXTargetDependency;
			target = 887E9F7129226BC60013D70B /* ReposExplorer */;
			targetProxy = 887E9F9629226BC70013D70B /* PBXContainerItemProxy */;
		};
/* End PBXTargetDependency section */

/* Begin PBXVariantGroup section */
		887E9F7B29226BC60013D70B /* Main.storyboard */ = {
			isa = PBXVariantGroup;
			children = (
				887E9F7C29226BC60013D70B /* Base */,
			);
			name = Main.storyboard;
			sourceTree = "<group>";
		};
		887E9F8329226BC70013D70B /* LaunchScreen.storyboard */ = {
			isa = PBXVariantGroup;
			children = (
				887E9F8429226BC70013D70B /* Base */,
			);
			name = LaunchScreen.storyboard;
			sourceTree = "<group>";
		};
/* End PBXVariantGroup section */

/* Begin XCBuildConfiguration section */
		887E9F9D29226BC70013D70B /* Debug */ = {
			isa = XCBuildConfiguration;
			buildSettings = {
				ALWAYS_SEARCH_USER_PATHS = NO;
				CLANG_ANALYZER_NONNULL = YES;
				CLANG_ANALYZER_NUMBER_OBJECT_CONVERSION = YES_AGGRESSIVE;
				CLANG_CXX_LANGUAGE_STANDARD = "gnu++17";
				CLANG_CXX_LIBRARY = "libc++";
				CLANG_ENABLE_MODULES = YES;
				CLANG_ENABLE_OBJC_ARC = YES;
				CLANG_ENABLE_OBJC_WEAK = YES;
				CLANG_WARN_BLOCK_CAPTURE_AUTORELEASING = YES;
				CLANG_WARN_BOOL_CONVERSION = YES;
				CLANG_WARN_COMMA = YES;
				CLANG_WARN_CONSTANT_CONVERSION = YES;
				CLANG_WARN_DEPRECATED_OBJC_IMPLEMENTATIONS = YES;
				CLANG_WARN_DIRECT_OBJC_ISA_USAGE = YES_ERROR;
				CLANG_WARN_DOCUMENTATION_COMMENTS = YES;
				CLANG_WARN_EMPTY_BODY = YES;
				CLANG_WARN_ENUM_CONVERSION = YES;
				CLANG_WARN_INFINITE_RECURSION = YES;
				CLANG_WARN_INT_CONVERSION = YES;
				CLANG_WARN_NON_LITERAL_NULL_CONVERSION = YES;
				CLANG_WARN_OBJC_IMPLICIT_RETAIN_SELF = YES;
				CLANG_WARN_OBJC_LITERAL_CONVERSION = YES;
				CLANG_WARN_OBJC_ROOT_CLASS = YES_ERROR;
				CLANG_WARN_QUOTED_INCLUDE_IN_FRAMEWORK_HEADER = YES;
				CLANG_WARN_RANGE_LOOP_ANALYSIS = YES;
				CLANG_WARN_STRICT_PROTOTYPES = YES;
				CLANG_WARN_SUSPICIOUS_MOVE = YES;
				CLANG_WARN_UNGUARDED_AVAILABILITY = YES_AGGRESSIVE;
				CLANG_WARN_UNREACHABLE_CODE = YES;
				CLANG_WARN__DUPLICATE_METHOD_MATCH = YES;
				COPY_PHASE_STRIP = NO;
				DEBUG_INFORMATION_FORMAT = dwarf;
				ENABLE_STRICT_OBJC_MSGSEND = YES;
				ENABLE_TESTABILITY = YES;
				GCC_C_LANGUAGE_STANDARD = gnu11;
				GCC_DYNAMIC_NO_PIC = NO;
				GCC_NO_COMMON_BLOCKS = YES;
				GCC_OPTIMIZATION_LEVEL = 0;
				GCC_PREPROCESSOR_DEFINITIONS = (
					"DEBUG=1",
					"$(inherited)",
				);
				GCC_WARN_64_TO_32_BIT_CONVERSION = YES;
				GCC_WARN_ABOUT_RETURN_TYPE = YES_ERROR;
				GCC_WARN_UNDECLARED_SELECTOR = YES;
				GCC_WARN_UNINITIALIZED_AUTOS = YES_AGGRESSIVE;
				GCC_WARN_UNUSED_FUNCTION = YES;
				GCC_WARN_UNUSED_VARIABLE = YES;
				IPHONEOS_DEPLOYMENT_TARGET = 15.2;
				MTL_ENABLE_DEBUG_INFO = INCLUDE_SOURCE;
				MTL_FAST_MATH = YES;
				ONLY_ACTIVE_ARCH = YES;
				SDKROOT = iphoneos;
				SWIFT_ACTIVE_COMPILATION_CONDITIONS = DEBUG;
				SWIFT_OPTIMIZATION_LEVEL = "-Onone";
			};
			name = Debug;
		};
		887E9F9E29226BC70013D70B /* Release */ = {
			isa = XCBuildConfiguration;
			buildSettings = {
				ALWAYS_SEARCH_USER_PATHS = NO;
				CLANG_ANALYZER_NONNULL = YES;
				CLANG_ANALYZER_NUMBER_OBJECT_CONVERSION = YES_AGGRESSIVE;
				CLANG_CXX_LANGUAGE_STANDARD = "gnu++17";
				CLANG_CXX_LIBRARY = "libc++";
				CLANG_ENABLE_MODULES = YES;
				CLANG_ENABLE_OBJC_ARC = YES;
				CLANG_ENABLE_OBJC_WEAK = YES;
				CLANG_WARN_BLOCK_CAPTURE_AUTORELEASING = YES;
				CLANG_WARN_BOOL_CONVERSION = YES;
				CLANG_WARN_COMMA = YES;
				CLANG_WARN_CONSTANT_CONVERSION = YES;
				CLANG_WARN_DEPRECATED_OBJC_IMPLEMENTATIONS = YES;
				CLANG_WARN_DIRECT_OBJC_ISA_USAGE = YES_ERROR;
				CLANG_WARN_DOCUMENTATION_COMMENTS = YES;
				CLANG_WARN_EMPTY_BODY = YES;
				CLANG_WARN_ENUM_CONVERSION = YES;
				CLANG_WARN_INFINITE_RECURSION = YES;
				CLANG_WARN_INT_CONVERSION = YES;
				CLANG_WARN_NON_LITERAL_NULL_CONVERSION = YES;
				CLANG_WARN_OBJC_IMPLICIT_RETAIN_SELF = YES;
				CLANG_WARN_OBJC_LITERAL_CONVERSION = YES;
				CLANG_WARN_OBJC_ROOT_CLASS = YES_ERROR;
				CLANG_WARN_QUOTED_INCLUDE_IN_FRAMEWORK_HEADER = YES;
				CLANG_WARN_RANGE_LOOP_ANALYSIS = YES;
				CLANG_WARN_STRICT_PROTOTYPES = YES;
				CLANG_WARN_SUSPICIOUS_MOVE = YES;
				CLANG_WARN_UNGUARDED_AVAILABILITY = YES_AGGRESSIVE;
				CLANG_WARN_UNREACHABLE_CODE = YES;
				CLANG_WARN__DUPLICATE_METHOD_MATCH = YES;
				COPY_PHASE_STRIP = NO;
				DEBUG_INFORMATION_FORMAT = "dwarf-with-dsym";
				ENABLE_NS_ASSERTIONS = NO;
				ENABLE_STRICT_OBJC_MSGSEND = YES;
				GCC_C_LANGUAGE_STANDARD = gnu11;
				GCC_NO_COMMON_BLOCKS = YES;
				GCC_WARN_64_TO_32_BIT_CONVERSION = YES;
				GCC_WARN_ABOUT_RETURN_TYPE = YES_ERROR;
				GCC_WARN_UNDECLARED_SELECTOR = YES;
				GCC_WARN_UNINITIALIZED_AUTOS = YES_AGGRESSIVE;
				GCC_WARN_UNUSED_FUNCTION = YES;
				GCC_WARN_UNUSED_VARIABLE = YES;
				IPHONEOS_DEPLOYMENT_TARGET = 15.2;
				MTL_ENABLE_DEBUG_INFO = NO;
				MTL_FAST_MATH = YES;
				SDKROOT = iphoneos;
				SWIFT_COMPILATION_MODE = wholemodule;
				SWIFT_OPTIMIZATION_LEVEL = "-O";
				VALIDATE_PRODUCT = YES;
			};
			name = Release;
		};
		887E9FA029226BC70013D70B /* Debug */ = {
			isa = XCBuildConfiguration;
			buildSettings = {
				ASSETCATALOG_COMPILER_APPICON_NAME = AppIcon;
				ASSETCATALOG_COMPILER_GLOBAL_ACCENT_COLOR_NAME = AccentColor;
				CODE_SIGN_STYLE = Automatic;
				CURRENT_PROJECT_VERSION = 1;
				DEVELOPMENT_TEAM = YXQS68D56Q;
				GENERATE_INFOPLIST_FILE = YES;
				INFOPLIST_FILE = ReposExplorer/Info.plist;
				INFOPLIST_KEY_UIApplicationSupportsIndirectInputEvents = YES;
				INFOPLIST_KEY_UILaunchStoryboardName = LaunchScreen;
				INFOPLIST_KEY_UIMainStoryboardFile = Main;
				INFOPLIST_KEY_UISupportedInterfaceOrientations_iPad = "UIInterfaceOrientationPortrait UIInterfaceOrientationPortraitUpsideDown UIInterfaceOrientationLandscapeLeft UIInterfaceOrientationLandscapeRight";
				INFOPLIST_KEY_UISupportedInterfaceOrientations_iPhone = "UIInterfaceOrientationPortrait UIInterfaceOrientationLandscapeLeft UIInterfaceOrientationLandscapeRight";
				LD_RUNPATH_SEARCH_PATHS = (
					"$(inherited)",
					"@executable_path/Frameworks",
				);
				MARKETING_VERSION = 1.0;
				PRODUCT_BUNDLE_IDENTIFIER = br.com.renato.ReposExplorer;
				PRODUCT_NAME = "$(TARGET_NAME)";
				SWIFT_EMIT_LOC_STRINGS = YES;
				SWIFT_VERSION = 5.0;
				TARGETED_DEVICE_FAMILY = "1,2";
			};
			name = Debug;
		};
		887E9FA129226BC70013D70B /* Release */ = {
			isa = XCBuildConfiguration;
			buildSettings = {
				ASSETCATALOG_COMPILER_APPICON_NAME = AppIcon;
				ASSETCATALOG_COMPILER_GLOBAL_ACCENT_COLOR_NAME = AccentColor;
				CODE_SIGN_STYLE = Automatic;
				CURRENT_PROJECT_VERSION = 1;
				DEVELOPMENT_TEAM = YXQS68D56Q;
				GENERATE_INFOPLIST_FILE = YES;
				INFOPLIST_FILE = ReposExplorer/Info.plist;
				INFOPLIST_KEY_UIApplicationSupportsIndirectInputEvents = YES;
				INFOPLIST_KEY_UILaunchStoryboardName = LaunchScreen;
				INFOPLIST_KEY_UIMainStoryboardFile = Main;
				INFOPLIST_KEY_UISupportedInterfaceOrientations_iPad = "UIInterfaceOrientationPortrait UIInterfaceOrientationPortraitUpsideDown UIInterfaceOrientationLandscapeLeft UIInterfaceOrientationLandscapeRight";
				INFOPLIST_KEY_UISupportedInterfaceOrientations_iPhone = "UIInterfaceOrientationPortrait UIInterfaceOrientationLandscapeLeft UIInterfaceOrientationLandscapeRight";
				LD_RUNPATH_SEARCH_PATHS = (
					"$(inherited)",
					"@executable_path/Frameworks",
				);
				MARKETING_VERSION = 1.0;
				PRODUCT_BUNDLE_IDENTIFIER = br.com.renato.ReposExplorer;
				PRODUCT_NAME = "$(TARGET_NAME)";
				SWIFT_EMIT_LOC_STRINGS = YES;
				SWIFT_VERSION = 5.0;
				TARGETED_DEVICE_FAMILY = "1,2";
			};
			name = Release;
		};
		887E9FA329226BC70013D70B /* Debug */ = {
			isa = XCBuildConfiguration;
			buildSettings = {
				ALWAYS_EMBED_SWIFT_STANDARD_LIBRARIES = YES;
				BUNDLE_LOADER = "$(TEST_HOST)";
				CODE_SIGN_STYLE = Automatic;
				CURRENT_PROJECT_VERSION = 1;
				DEVELOPMENT_TEAM = YXQS68D56Q;
				GENERATE_INFOPLIST_FILE = YES;
				IPHONEOS_DEPLOYMENT_TARGET = 15.2;
				MARKETING_VERSION = 1.0;
				PRODUCT_BUNDLE_IDENTIFIER = br.com.renato.ReposExplorerTests;
				PRODUCT_NAME = "$(TARGET_NAME)";
				SWIFT_EMIT_LOC_STRINGS = NO;
				SWIFT_VERSION = 5.0;
				TARGETED_DEVICE_FAMILY = "1,2";
				TEST_HOST = "$(BUILT_PRODUCTS_DIR)/ReposExplorer.app/ReposExplorer";
			};
			name = Debug;
		};
		887E9FA429226BC70013D70B /* Release */ = {
			isa = XCBuildConfiguration;
			buildSettings = {
				ALWAYS_EMBED_SWIFT_STANDARD_LIBRARIES = YES;
				BUNDLE_LOADER = "$(TEST_HOST)";
				CODE_SIGN_STYLE = Automatic;
				CURRENT_PROJECT_VERSION = 1;
				DEVELOPMENT_TEAM = YXQS68D56Q;
				GENERATE_INFOPLIST_FILE = YES;
				IPHONEOS_DEPLOYMENT_TARGET = 15.2;
				MARKETING_VERSION = 1.0;
				PRODUCT_BUNDLE_IDENTIFIER = br.com.renato.ReposExplorerTests;
				PRODUCT_NAME = "$(TARGET_NAME)";
				SWIFT_EMIT_LOC_STRINGS = NO;
				SWIFT_VERSION = 5.0;
				TARGETED_DEVICE_FAMILY = "1,2";
				TEST_HOST = "$(BUILT_PRODUCTS_DIR)/ReposExplorer.app/ReposExplorer";
			};
			name = Release;
		};
		887E9FA629226BC70013D70B /* Debug */ = {
			isa = XCBuildConfiguration;
			buildSettings = {
				ALWAYS_EMBED_SWIFT_STANDARD_LIBRARIES = YES;
				CODE_SIGN_STYLE = Automatic;
				CURRENT_PROJECT_VERSION = 1;
				DEVELOPMENT_TEAM = YXQS68D56Q;
				GENERATE_INFOPLIST_FILE = YES;
				MARKETING_VERSION = 1.0;
				PRODUCT_BUNDLE_IDENTIFIER = br.com.renato.ReposExplorerUITests;
				PRODUCT_NAME = "$(TARGET_NAME)";
				SWIFT_EMIT_LOC_STRINGS = NO;
				SWIFT_VERSION = 5.0;
				TARGETED_DEVICE_FAMILY = "1,2";
				TEST_TARGET_NAME = ReposExplorer;
			};
			name = Debug;
		};
		887E9FA729226BC70013D70B /* Release */ = {
			isa = XCBuildConfiguration;
			buildSettings = {
				ALWAYS_EMBED_SWIFT_STANDARD_LIBRARIES = YES;
				CODE_SIGN_STYLE = Automatic;
				CURRENT_PROJECT_VERSION = 1;
				DEVELOPMENT_TEAM = YXQS68D56Q;
				GENERATE_INFOPLIST_FILE = YES;
				MARKETING_VERSION = 1.0;
				PRODUCT_BUNDLE_IDENTIFIER = br.com.renato.ReposExplorerUITests;
				PRODUCT_NAME = "$(TARGET_NAME)";
				SWIFT_EMIT_LOC_STRINGS = NO;
				SWIFT_VERSION = 5.0;
				TARGETED_DEVICE_FAMILY = "1,2";
				TEST_TARGET_NAME = ReposExplorer;
			};
			name = Release;
		};
/* End XCBuildConfiguration section */

/* Begin XCConfigurationList section */
		887E9F6D29226BC60013D70B /* Build configuration list for PBXProject "ReposExplorer" */ = {
			isa = XCConfigurationList;
			buildConfigurations = (
				887E9F9D29226BC70013D70B /* Debug */,
				887E9F9E29226BC70013D70B /* Release */,
			);
			defaultConfigurationIsVisible = 0;
			defaultConfigurationName = Release;
		};
		887E9F9F29226BC70013D70B /* Build configuration list for PBXNativeTarget "ReposExplorer" */ = {
			isa = XCConfigurationList;
			buildConfigurations = (
				887E9FA029226BC70013D70B /* Debug */,
				887E9FA129226BC70013D70B /* Release */,
			);
			defaultConfigurationIsVisible = 0;
			defaultConfigurationName = Release;
		};
		887E9FA229226BC70013D70B /* Build configuration list for PBXNativeTarget "ReposExplorerTests" */ = {
			isa = XCConfigurationList;
			buildConfigurations = (
				887E9FA329226BC70013D70B /* Debug */,
				887E9FA429226BC70013D70B /* Release */,
			);
			defaultConfigurationIsVisible = 0;
			defaultConfigurationName = Release;
		};
		887E9FA529226BC70013D70B /* Build configuration list for PBXNativeTarget "ReposExplorerUITests" */ = {
			isa = XCConfigurationList;
			buildConfigurations = (
				887E9FA629226BC70013D70B /* Debug */,
				887E9FA729226BC70013D70B /* Release */,
			);
			defaultConfigurationIsVisible = 0;
			defaultConfigurationName = Release;
		};
/* End XCConfigurationList section */

/* Begin XCVersionGroup section */
		887E9F7E29226BC60013D70B /* ReposExplorer.xcdatamodeld */ = {
			isa = XCVersionGroup;
			children = (
				887E9F7F29226BC60013D70B /* ReposExplorer.xcdatamodel */,
			);
			currentVersion = 887E9F7F29226BC60013D70B /* ReposExplorer.xcdatamodel */;
			path = ReposExplorer.xcdatamodeld;
			sourceTree = "<group>";
			versionGroupType = wrapper.xcdatamodel;
		};
/* End XCVersionGroup section */
	};
	rootObject = 887E9F6A29226BC60013D70B /* Project object */;
}
